{
  "requires": true,
  "lockfileVersion": 1,
  "dependencies": {
    "josufs-palindrome": {
      "version": "0.1.1",
      "resolved": "https://registry.npmjs.org/josufs-palindrome/-/josufs-palindrome-0.1.1.tgz",
      "integrity": "sha512-nsQuoh1ELd1fS3he3NwgLtgYwp0DoMrfcl3OKbkCZjpq3cDRkT1GsMFGmm+2TNx40++o3q882RY/60uJRDf78g=="
    }
  }
}
